// !$*UTF8*$!
{
	archiveVersion = 1;
	classes = {
	};
	objectVersion = 51;
	objects = {

/* Begin PBXBuildFile section */
		17525BF4257F9EDF006CEC68 /* AppDelegate.swift in Sources */ = {isa = PBXBuildFile; fileRef = 17525BF3257F9EDF006CEC68 /* AppDelegate.swift */; };
		17525BF6257F9EDF006CEC68 /* SceneDelegate.swift in Sources */ = {isa = PBXBuildFile; fileRef = 17525BF5257F9EDF006CEC68 /* SceneDelegate.swift */; };
		17525BFB257F9EDF006CEC68 /* Main.storyboard in Resources */ = {isa = PBXBuildFile; fileRef = 17525BF9257F9EDF006CEC68 /* Main.storyboard */; };
		17525BFE257F9EDF006CEC68 /* LittleYellow.xcdatamodeld in Sources */ = {isa = PBXBuildFile; fileRef = 17525BFC257F9EDF006CEC68 /* LittleYellow.xcdatamodeld */; };
		17525C00257F9EE1006CEC68 /* Assets.xcassets in Resources */ = {isa = PBXBuildFile; fileRef = 17525BFF257F9EE1006CEC68 /* Assets.xcassets */; };
		17525C03257F9EE1006CEC68 /* LaunchScreen.storyboard in Resources */ = {isa = PBXBuildFile; fileRef = 17525C01257F9EE1006CEC68 /* LaunchScreen.storyboard */; };
		17B25A4B2580F0E80029BEA8 /* HomeVC.swift in Sources */ = {isa = PBXBuildFile; fileRef = 17B25A4A2580F0E80029BEA8 /* HomeVC.swift */; };
		17B25A4E2580F3060029BEA8 /* FolloewVC.swift in Sources */ = {isa = PBXBuildFile; fileRef = 17B25A4D2580F3060029BEA8 /* FolloewVC.swift */; };
		17B25A512580F3180029BEA8 /* NearbyVC.swift in Sources */ = {isa = PBXBuildFile; fileRef = 17B25A502580F3180029BEA8 /* NearbyVC.swift */; };
		17B25A542580F32E0029BEA8 /* DiscoveryVC.swift in Sources */ = {isa = PBXBuildFile; fileRef = 17B25A532580F32E0029BEA8 /* DiscoveryVC.swift */; };
		17B25A592580F4C10029BEA8 /* Constant.swift in Sources */ = {isa = PBXBuildFile; fileRef = 17B25A582580F4C10029BEA8 /* Constant.swift */; };
		2B0DF7962587928CFEAF8E8C /* Pods_LittleYellow.framework in Frameworks */ = {isa = PBXBuildFile; fileRef = 4A223CB9F93B3BF54D348A60 /* Pods_LittleYellow.framework */; };
/* End PBXBuildFile section */

/* Begin PBXFileReference section */
		17525BF0257F9EDF006CEC68 /* LittleYellow.app */ = {isa = PBXFileReference; explicitFileType = wrapper.application; includeInIndex = 0; path = LittleYellow.app; sourceTree = BUILT_PRODUCTS_DIR; };
		17525BF3257F9EDF006CEC68 /* AppDelegate.swift */ = {isa = PBXFileReference; lastKnownFileType = sourcecode.swift; path = AppDelegate.swift; sourceTree = "<group>"; };
		17525BF5257F9EDF006CEC68 /* SceneDelegate.swift */ = {isa = PBXFileReference; lastKnownFileType = sourcecode.swift; path = SceneDelegate.swift; sourceTree = "<group>"; };
		17525BFA257F9EDF006CEC68 /* Base */ = {isa = PBXFileReference; lastKnownFileType = file.storyboard; name = Base; path = Base.lproj/Main.storyboard; sourceTree = "<group>"; };
		17525BFD257F9EDF006CEC68 /* LittleYellow.xcdatamodel */ = {isa = PBXFileReference; lastKnownFileType = wrapper.xcdatamodel; path = LittleYellow.xcdatamodel; sourceTree = "<group>"; };
		17525BFF257F9EE1006CEC68 /* Assets.xcassets */ = {isa = PBXFileReference; lastKnownFileType = folder.assetcatalog; path = Assets.xcassets; sourceTree = "<group>"; };
		17525C02257F9EE1006CEC68 /* Base */ = {isa = PBXFileReference; lastKnownFileType = file.storyboard; name = Base; path = Base.lproj/LaunchScreen.storyboard; sourceTree = "<group>"; };
		17525C04257F9EE1006CEC68 /* Info.plist */ = {isa = PBXFileReference; lastKnownFileType = text.plist.xml; path = Info.plist; sourceTree = "<group>"; };
		17B25A4A2580F0E80029BEA8 /* HomeVC.swift */ = {isa = PBXFileReference; lastKnownFileType = sourcecode.swift; path = HomeVC.swift; sourceTree = "<group>"; };
		17B25A4D2580F3060029BEA8 /* FolloewVC.swift */ = {isa = PBXFileReference; lastKnownFileType = sourcecode.swift; path = FolloewVC.swift; sourceTree = "<group>"; };
		17B25A502580F3180029BEA8 /* NearbyVC.swift */ = {isa = PBXFileReference; lastKnownFileType = sourcecode.swift; path = NearbyVC.swift; sourceTree = "<group>"; };
		17B25A532580F32E0029BEA8 /* DiscoveryVC.swift */ = {isa = PBXFileReference; lastKnownFileType = sourcecode.swift; path = DiscoveryVC.swift; sourceTree = "<group>"; };
		17B25A582580F4C10029BEA8 /* Constant.swift */ = {isa = PBXFileReference; lastKnownFileType = sourcecode.swift; path = Constant.swift; sourceTree = "<group>"; };
		4A223CB9F93B3BF54D348A60 /* Pods_LittleYellow.framework */ = {isa = PBXFileReference; explicitFileType = wrapper.framework; includeInIndex = 0; path = Pods_LittleYellow.framework; sourceTree = BUILT_PRODUCTS_DIR; };
		6A048F0E9F26A57DFDF09F6D /* Pods-LittleYellow.release.xcconfig */ = {isa = PBXFileReference; includeInIndex = 1; lastKnownFileType = text.xcconfig; name = "Pods-LittleYellow.release.xcconfig"; path = "Target Support Files/Pods-LittleYellow/Pods-LittleYellow.release.xcconfig"; sourceTree = "<group>"; };
		E7220E993DC04DFF5BD40663 /* Pods-LittleYellow.debug.xcconfig */ = {isa = PBXFileReference; includeInIndex = 1; lastKnownFileType = text.xcconfig; name = "Pods-LittleYellow.debug.xcconfig"; path = "Target Support Files/Pods-LittleYellow/Pods-LittleYellow.debug.xcconfig"; sourceTree = "<group>"; };
/* End PBXFileReference section */

/* Begin PBXFrameworksBuildPhase section */
		17525BED257F9EDF006CEC68 /* Frameworks */ = {
			isa = PBXFrameworksBuildPhase;
			buildActionMask = 2147483647;
			files = (
				2B0DF7962587928CFEAF8E8C /* Pods_LittleYellow.framework in Frameworks */,
			);
			runOnlyForDeploymentPostprocessing = 0;
		};
/* End PBXFrameworksBuildPhase section */

/* Begin PBXGroup section */
		17180492257FAFA600A7C594 /* view */ = {
			isa = PBXGroup;
			children = (
				17525BF9257F9EDF006CEC68 /* Main.storyboard */,
				17525BFF257F9EE1006CEC68 /* Assets.xcassets */,
				17525C01257F9EE1006CEC68 /* LaunchScreen.storyboard */,
			);
			path = view;
			sourceTree = "<group>";
		};
		17180493257FAFAE00A7C594 /* model */ = {
			isa = PBXGroup;
			children = (
				17B25A582580F4C10029BEA8 /* Constant.swift */,
			);
			path = model;
			sourceTree = "<group>";
		};
		17180494257FAFB800A7C594 /* control */ = {
			isa = PBXGroup;
			children = (
				17525BF3257F9EDF006CEC68 /* AppDelegate.swift */,
				17525BF5257F9EDF006CEC68 /* SceneDelegate.swift */,
				17B25A562580F3420029BEA8 /* home */,
			);
			path = control;
			sourceTree = "<group>";
		};
		17525BE7257F9EDF006CEC68 = {
			isa = PBXGroup;
			children = (
				17525BF2257F9EDF006CEC68 /* LittleYellow */,
				17525BF1257F9EDF006CEC68 /* Products */,
				8884B25FC77102DA2637CD9A /* Pods */,
				81E6A1F2C15D56A8AE6ADD53 /* Frameworks */,
			);
			sourceTree = "<group>";
		};
		17525BF1257F9EDF006CEC68 /* Products */ = {
			isa = PBXGroup;
			children = (
				17525BF0257F9EDF006CEC68 /* LittleYellow.app */,
			);
			name = Products;
			sourceTree = "<group>";
		};
		17525BF2257F9EDF006CEC68 /* LittleYellow */ = {
			isa = PBXGroup;
			children = (
				17180493257FAFAE00A7C594 /* model */,
				17180494257FAFB800A7C594 /* control */,
				17180492257FAFA600A7C594 /* view */,
				17525C04257F9EE1006CEC68 /* Info.plist */,
				17525BFC257F9EDF006CEC68 /* LittleYellow.xcdatamodeld */,
			);
			path = LittleYellow;
			sourceTree = "<group>";
		};
		17B25A562580F3420029BEA8 /* home */ = {
			isa = PBXGroup;
			children = (
				17B25A4A2580F0E80029BEA8 /* HomeVC.swift */,
				17B25A4D2580F3060029BEA8 /* FolloewVC.swift */,
				17B25A502580F3180029BEA8 /* NearbyVC.swift */,
				17B25A532580F32E0029BEA8 /* DiscoveryVC.swift */,
			);
			path = home;
			sourceTree = "<group>";
		};
		81E6A1F2C15D56A8AE6ADD53 /* Frameworks */ = {
			isa = PBXGroup;
			children = (
				4A223CB9F93B3BF54D348A60 /* Pods_LittleYellow.framework */,
			);
			name = Frameworks;
			sourceTree = "<group>";
		};
		8884B25FC77102DA2637CD9A /* Pods */ = {
			isa = PBXGroup;
			children = (
				E7220E993DC04DFF5BD40663 /* Pods-LittleYellow.debug.xcconfig */,
				6A048F0E9F26A57DFDF09F6D /* Pods-LittleYellow.release.xcconfig */,
			);
			path = Pods;
			sourceTree = "<group>";
		};
/* End PBXGroup section */

/* Begin PBXNativeTarget section */
		17525BEF257F9EDF006CEC68 /* LittleYellow */ = {
			isa = PBXNativeTarget;
			buildConfigurationList = 17525C07257F9EE1006CEC68 /* Build configuration list for PBXNativeTarget "LittleYellow" */;
			buildPhases = (
				ABE495399F76922E4A9BE8D6 /* [CP] Check Pods Manifest.lock */,
				17525BEC257F9EDF006CEC68 /* Sources */,
				17525BED257F9EDF006CEC68 /* Frameworks */,
				17525BEE257F9EDF006CEC68 /* Resources */,
				5F7E8CC19FEB327990574E10 /* [CP] Embed Pods Frameworks */,
			);
			buildRules = (
			);
			dependencies = (
			);
			name = LittleYellow;
			productName = LittleYellow;
			productReference = 17525BF0257F9EDF006CEC68 /* LittleYellow.app */;
			productType = "com.apple.product-type.application";
		};
/* End PBXNativeTarget section */

/* Begin PBXProject section */
		17525BE8257F9EDF006CEC68 /* Project object */ = {
			isa = PBXProject;
			attributes = {
				LastSwiftUpdateCheck = 1220;
				LastUpgradeCheck = 1220;
				TargetAttributes = {
					17525BEF257F9EDF006CEC68 = {
						CreatedOnToolsVersion = 12.2;
					};
				};
			};
			buildConfigurationList = 17525BEB257F9EDF006CEC68 /* Build configuration list for PBXProject "LittleYellow" */;
			compatibilityVersion = "Xcode 9.3";
			developmentRegion = en;
			hasScannedForEncodings = 0;
			knownRegions = (
				en,
				Base,
			);
			mainGroup = 17525BE7257F9EDF006CEC68;
			productRefGroup = 17525BF1257F9EDF006CEC68 /* Products */;
			projectDirPath = "";
			projectRoot = "";
			targets = (
				17525BEF257F9EDF006CEC68 /* LittleYellow */,
			);
		};
/* End PBXProject section */

/* Begin PBXResourcesBuildPhase section */
		17525BEE257F9EDF006CEC68 /* Resources */ = {
			isa = PBXResourcesBuildPhase;
			buildActionMask = 2147483647;
			files = (
				17525C03257F9EE1006CEC68 /* LaunchScreen.storyboard in Resources */,
				17525C00257F9EE1006CEC68 /* Assets.xcassets in Resources */,
				17525BFB257F9EDF006CEC68 /* Main.storyboard in Resources */,
			);
			runOnlyForDeploymentPostprocessing = 0;
		};
/* End PBXResourcesBuildPhase section */

/* Begin PBXShellScriptBuildPhase section */
		5F7E8CC19FEB327990574E10 /* [CP] Embed Pods Frameworks */ = {
			isa = PBXShellScriptBuildPhase;
			buildActionMask = 2147483647;
			files = (
			);
			inputFileListPaths = (
				"${PODS_ROOT}/Target Support Files/Pods-LittleYellow/Pods-LittleYellow-frameworks-${CONFIGURATION}-input-files.xcfilelist",
			);
			name = "[CP] Embed Pods Frameworks";
			outputFileListPaths = (
				"${PODS_ROOT}/Target Support Files/Pods-LittleYellow/Pods-LittleYellow-frameworks-${CONFIGURATION}-output-files.xcfilelist",
			);
			runOnlyForDeploymentPostprocessing = 0;
			shellPath = /bin/sh;
			shellScript = "\"${PODS_ROOT}/Target Support Files/Pods-LittleYellow/Pods-LittleYellow-frameworks.sh\"\n";
			showEnvVarsInLog = 0;
		};
		ABE495399F76922E4A9BE8D6 /* [CP] Check Pods Manifest.lock */ = {
			isa = PBXShellScriptBuildPhase;
			buildActionMask = 2147483647;
			files = (
			);
			inputFileListPaths = (
			);
			inputPaths = (
				"${PODS_PODFILE_DIR_PATH}/Podfile.lock",
				"${PODS_ROOT}/Manifest.lock",
			);
			name = "[CP] Check Pods Manifest.lock";
			outputFileListPaths = (
			);
			outputPaths = (
				"$(DERIVED_FILE_DIR)/Pods-LittleYellow-checkManifestLockResult.txt",
			);
			runOnlyForDeploymentPostprocessing = 0;
			shellPath = /bin/sh;
			shellScript = "diff \"${PODS_PODFILE_DIR_PATH}/Podfile.lock\" \"${PODS_ROOT}/Manifest.lock\" > /dev/null\nif [ $? != 0 ] ; then\n    # print error to STDERR\n    echo \"error: The sandbox is not in sync with the Podfile.lock. Run 'pod install' or update your CocoaPods installation.\" >&2\n    exit 1\nfi\n# This output is used by Xcode 'outputs' to avoid re-running this script phase.\necho \"SUCCESS\" > \"${SCRIPT_OUTPUT_FILE_0}\"\n";
			showEnvVarsInLog = 0;
		};
/* End PBXShellScriptBuildPhase section */

/* Begin PBXSourcesBuildPhase section */
		17525BEC257F9EDF006CEC68 /* Sources */ = {
			isa = PBXSourcesBuildPhase;
			buildActionMask = 2147483647;
			files = (
				17525BF4257F9EDF006CEC68 /* AppDelegate.swift in Sources */,
				17B25A4B2580F0E80029BEA8 /* HomeVC.swift in Sources */,
				17525BF6257F9EDF006CEC68 /* SceneDelegate.swift in Sources */,
				17B25A592580F4C10029BEA8 /* Constant.swift in Sources */,
				17525BFE257F9EDF006CEC68 /* LittleYellow.xcdatamodeld in Sources */,
				17B25A542580F32E0029BEA8 /* DiscoveryVC.swift in Sources */,
				17B25A4E2580F3060029BEA8 /* FolloewVC.swift in Sources */,
				17B25A512580F3180029BEA8 /* NearbyVC.swift in Sources */,
			);
			runOnlyForDeploymentPostprocessing = 0;
		};
/* End PBXSourcesBuildPhase section */

/* Begin PBXVariantGroup section */
		17525BF9257F9EDF006CEC68 /* Main.storyboard */ = {
			isa = PBXVariantGroup;
			children = (
				17525BFA257F9EDF006CEC68 /* Base */,
			);
			name = Main.storyboard;
			sourceTree = "<group>";
		};
		17525C01257F9EE1006CEC68 /* LaunchScreen.storyboard */ = {
			isa = PBXVariantGroup;
			children = (
				17525C02257F9EE1006CEC68 /* Base */,
			);
			name = LaunchScreen.storyboard;
			sourceTree = "<group>";
		};
/* End PBXVariantGroup section */

/* Begin XCBuildConfiguration section */
		17525C05257F9EE1006CEC68 /* Debug */ = {
			isa = XCBuildConfiguration;
			buildSettings = {
				ALWAYS_SEARCH_USER_PATHS = NO;
				CLANG_ANALYZER_NONNULL = YES;
				CLANG_ANALYZER_NUMBER_OBJECT_CONVERSION = YES_AGGRESSIVE;
				CLANG_CXX_LANGUAGE_STANDARD = "gnu++14";
				CLANG_CXX_LIBRARY = "libc++";
				CLANG_ENABLE_MODULES = YES;
				CLANG_ENABLE_OBJC_ARC = YES;
				CLANG_ENABLE_OBJC_WEAK = YES;
				CLANG_WARN_BLOCK_CAPTURE_AUTORELEASING = YES;
				CLANG_WARN_BOOL_CONVERSION = YES;
				CLANG_WARN_COMMA = YES;
				CLANG_WARN_CONSTANT_CONVERSION = YES;
				CLANG_WARN_DEPRECATED_OBJC_IMPLEMENTATIONS = YES;
				CLANG_WARN_DIRECT_OBJC_ISA_USAGE = YES_ERROR;
				CLANG_WARN_DOCUMENTATION_COMMENTS = YES;
				CLANG_WARN_EMPTY_BODY = YES;
				CLANG_WARN_ENUM_CONVERSION = YES;
				CLANG_WARN_INFINITE_RECURSION = YES;
				CLANG_WARN_INT_CONVERSION = YES;
				CLANG_WARN_NON_LITERAL_NULL_CONVERSION = YES;
				CLANG_WARN_OBJC_IMPLICIT_RETAIN_SELF = YES;
				CLANG_WARN_OBJC_LITERAL_CONVERSION = YES;
				CLANG_WARN_OBJC_ROOT_CLASS = YES_ERROR;
				CLANG_WARN_QUOTED_INCLUDE_IN_FRAMEWORK_HEADER = YES;
				CLANG_WARN_RANGE_LOOP_ANALYSIS = YES;
				CLANG_WARN_STRICT_PROTOTYPES = YES;
				CLANG_WARN_SUSPICIOUS_MOVE = YES;
				CLANG_WARN_UNGUARDED_AVAILABILITY = YES_AGGRESSIVE;
				CLANG_WARN_UNREACHABLE_CODE = YES;
				CLANG_WARN__DUPLICATE_METHOD_MATCH = YES;
				COPY_PHASE_STRIP = NO;
				DEBUG_INFORMATION_FORMAT = dwarf;
				ENABLE_STRICT_OBJC_MSGSEND = YES;
				ENABLE_TESTABILITY = YES;
				GCC_C_LANGUAGE_STANDARD = gnu11;
				GCC_DYNAMIC_NO_PIC = NO;
				GCC_NO_COMMON_BLOCKS = YES;
				GCC_OPTIMIZATION_LEVEL = 0;
				GCC_PREPROCESSOR_DEFINITIONS = (
					"DEBUG=1",
					"$(inherited)",
				);
				GCC_WARN_64_TO_32_BIT_CONVERSION = YES;
				GCC_WARN_ABOUT_RETURN_TYPE = YES_ERROR;
				GCC_WARN_UNDECLARED_SELECTOR = YES;
				GCC_WARN_UNINITIALIZED_AUTOS = YES_AGGRESSIVE;
				GCC_WARN_UNUSED_FUNCTION = YES;
				GCC_WARN_UNUSED_VARIABLE = YES;
				IPHONEOS_DEPLOYMENT_TARGET = 14.2;
				MTL_ENABLE_DEBUG_INFO = INCLUDE_SOURCE;
				MTL_FAST_MATH = YES;
				ONLY_ACTIVE_ARCH = YES;
				SDKROOT = iphoneos;
				SWIFT_ACTIVE_COMPILATION_CONDITIONS = DEBUG;
				SWIFT_OPTIMIZATION_LEVEL = "-Onone";
			};
			name = Debug;
		};
		17525C06257F9EE1006CEC68 /* Release */ = {
			isa = XCBuildConfiguration;
			buildSettings = {
				ALWAYS_SEARCH_USER_PATHS = NO;
				CLANG_ANALYZER_NONNULL = YES;
				CLANG_ANALYZER_NUMBER_OBJECT_CONVERSION = YES_AGGRESSIVE;
				CLANG_CXX_LANGUAGE_STANDARD = "gnu++14";
				CLANG_CXX_LIBRARY = "libc++";
				CLANG_ENABLE_MODULES = YES;
				CLANG_ENABLE_OBJC_ARC = YES;
				CLANG_ENABLE_OBJC_WEAK = YES;
				CLANG_WARN_BLOCK_CAPTURE_AUTORELEASING = YES;
				CLANG_WARN_BOOL_CONVERSION = YES;
				CLANG_WARN_COMMA = YES;
				CLANG_WARN_CONSTANT_CONVERSION = YES;
				CLANG_WARN_DEPRECATED_OBJC_IMPLEMENTATIONS = YES;
				CLANG_WARN_DIRECT_OBJC_ISA_USAGE = YES_ERROR;
				CLANG_WARN_DOCUMENTATION_COMMENTS = YES;
				CLANG_WARN_EMPTY_BODY = YES;
				CLANG_WARN_ENUM_CONVERSION = YES;
				CLANG_WARN_INFINITE_RECURSION = YES;
				CLANG_WARN_INT_CONVERSION = YES;
				CLANG_WARN_NON_LITERAL_NULL_CONVERSION = YES;
				CLANG_WARN_OBJC_IMPLICIT_RETAIN_SELF = YES;
				CLANG_WARN_OBJC_LITERAL_CONVERSION = YES;
				CLANG_WARN_OBJC_ROOT_CLASS = YES_ERROR;
				CLANG_WARN_QUOTED_INCLUDE_IN_FRAMEWORK_HEADER = YES;
				CLANG_WARN_RANGE_LOOP_ANALYSIS = YES;
				CLANG_WARN_STRICT_PROTOTYPES = YES;
				CLANG_WARN_SUSPICIOUS_MOVE = YES;
				CLANG_WARN_UNGUARDED_AVAILABILITY = YES_AGGRESSIVE;
				CLANG_WARN_UNREACHABLE_CODE = YES;
				CLANG_WARN__DUPLICATE_METHOD_MATCH = YES;
				COPY_PHASE_STRIP = NO;
				DEBUG_INFORMATION_FORMAT = "dwarf-with-dsym";
				ENABLE_NS_ASSERTIONS = NO;
				ENABLE_STRICT_OBJC_MSGSEND = YES;
				GCC_C_LANGUAGE_STANDARD = gnu11;
				GCC_NO_COMMON_BLOCKS = YES;
				GCC_WARN_64_TO_32_BIT_CONVERSION = YES;
				GCC_WARN_ABOUT_RETURN_TYPE = YES_ERROR;
				GCC_WARN_UNDECLARED_SELECTOR = YES;
				GCC_WARN_UNINITIALIZED_AUTOS = YES_AGGRESSIVE;
				GCC_WARN_UNUSED_FUNCTION = YES;
				GCC_WARN_UNUSED_VARIABLE = YES;
				IPHONEOS_DEPLOYMENT_TARGET = 14.2;
				MTL_ENABLE_DEBUG_INFO = NO;
				MTL_FAST_MATH = YES;
				SDKROOT = iphoneos;
				SWIFT_COMPILATION_MODE = wholemodule;
				SWIFT_OPTIMIZATION_LEVEL = "-O";
				VALIDATE_PRODUCT = YES;
			};
			name = Release;
		};
		17525C08257F9EE1006CEC68 /* Debug */ = {
			isa = XCBuildConfiguration;
			baseConfigurationReference = E7220E993DC04DFF5BD40663 /* Pods-LittleYellow.debug.xcconfig */;
			buildSettings = {
				ASSETCATALOG_COMPILER_APPICON_NAME = AppIcon;
				ASSETCATALOG_COMPILER_GLOBAL_ACCENT_COLOR_NAME = AccentColor;
				CODE_SIGN_STYLE = Automatic;
				DEVELOPMENT_TEAM = 2NY29D5YJ3;
				INFOPLIST_FILE = LittleYellow/Info.plist;
				LD_RUNPATH_SEARCH_PATHS = (
					"$(inherited)",
					"@executable_path/Frameworks",
				);
				PRODUCT_BUNDLE_IDENTIFIER = com.xusz12.LittleYellow;
				PRODUCT_NAME = "$(TARGET_NAME)";
				SWIFT_VERSION = 5.0;
				TARGETED_DEVICE_FAMILY = 1;
			};
			name = Debug;
		};
		17525C09257F9EE1006CEC68 /* Release */ = {
			isa = XCBuildConfiguration;
			baseConfigurationReference = 6A048F0E9F26A57DFDF09F6D /* Pods-LittleYellow.release.xcconfig */;
			buildSettings = {
				ASSETCATALOG_COMPILER_APPICON_NAME = AppIcon;
				ASSETCATALOG_COMPILER_GLOBAL_ACCENT_COLOR_NAME = AccentColor;
				CODE_SIGN_STYLE = Automatic;
				DEVELOPMENT_TEAM = 2NY29D5YJ3;
				INFOPLIST_FILE = LittleYellow/Info.plist;
				LD_RUNPATH_SEARCH_PATHS = (
					"$(inherited)",
					"@executable_path/Frameworks",
				);
				PRODUCT_BUNDLE_IDENTIFIER = com.xusz12.LittleYellow;
				PRODUCT_NAME = "$(TARGET_NAME)";
				SWIFT_VERSION = 5.0;
				TARGETED_DEVICE_FAMILY = 1;
			};
			name = Release;
		};
/* End XCBuildConfiguration section */

/* Begin XCConfigurationList section */
		17525BEB257F9EDF006CEC68 /* Build configuration list for PBXProject "LittleYellow" */ = {
			isa = XCConfigurationList;
			buildConfigurations = (
				17525C05257F9EE1006CEC68 /* Debug */,
				17525C06257F9EE1006CEC68 /* Release */,
			);
			defaultConfigurationIsVisible = 0;
			defaultConfigurationName = Release;
		};
		17525C07257F9EE1006CEC68 /* Build configuration list for PBXNativeTarget "LittleYellow" */ = {
			isa = XCConfigurationList;
			buildConfigurations = (
				17525C08257F9EE1006CEC68 /* Debug */,
				17525C09257F9EE1006CEC68 /* Release */,
			);
			defaultConfigurationIsVisible = 0;
			defaultConfigurationName = Release;
		};
/* End XCConfigurationList section */

/* Begin XCVersionGroup section */
		17525BFC257F9EDF006CEC68 /* LittleYellow.xcdatamodeld */ = {
			isa = XCVersionGroup;
			children = (
				17525BFD257F9EDF006CEC68 /* LittleYellow.xcdatamodel */,
			);
			currentVersion = 17525BFD257F9EDF006CEC68 /* LittleYellow.xcdatamodel */;
			path = LittleYellow.xcdatamodeld;
			sourceTree = "<group>";
			versionGroupType = wrapper.xcdatamodel;
		};
/* End XCVersionGroup section */
	};
	rootObject = 17525BE8257F9EDF006CEC68 /* Project object */;
}
