PODS:
  - CHTCollectionViewWaterfallLayout (0.9.8):
    - CHTCollectionViewWaterfallLayout/ObjC (= 0.9.8)
  - CHTCollectionViewWaterfallLayout/ObjC (0.9.8)
  - XLPagerTabStrip (9.0.0)

DEPENDENCIES:
  - CHTCollectionViewWaterfallLayout
  - XLPagerTabStrip (~> 9.0)

SPEC REPOS:
  trunk:
    - CHTCollectionViewWaterfallLayout
    - XLPagerTabStrip

SPEC CHECKSUMS:
  CHTCollectionViewWaterfallLayout: 5f241d2480ab4939aa0d1ad4981de9eef1fbe60d
  XLPagerTabStrip: 61c57fd61f611ee5f01ff1495ad6fbee8bf496c5

PODFILE CHECKSUM: 36d5ed4cb1b395c5584dbf5b8b2f18c4f4d4f832

COCOAPODS: 1.9.3
